
Microsoft Visual Studio Solution File, Format Version 12.00
# Visual Studio Version 16
VisualStudioVersion = 16.0.34931.43
MinimumVisualStudioVersion = 10.0.40219.1
Project("{FAE04EC0-301F-11D3-BF4B-00C04F79EFBC}") = "JobCircle", "JobCircle\JobCircle.csproj", "{B515B244-F84C-427D-8BCD-A6C28D4F49C9}"
EndProject
Global
	GlobalSection(SolutionConfigurationPlatforms) = preSolution
		Debug|Any CPU = Debug|Any CPU
		Release|Any CPU = Release|Any CPU
	EndGlobalSection
	GlobalSection(ProjectConfigurationPlatforms) = postSolution
		{B515B244-F84C-427D-8BCD-A6C28D4F49C9}.Debug|Any CPU.ActiveCfg = Debug|Any CPU
		{B515B244-F84C-427D-8BCD-A6C28D4F49C9}.Debug|Any CPU.Build.0 = Debug|Any CPU
		{B515B244-F84C-427D-8BCD-A6C28D4F49C9}.Release|Any CPU.ActiveCfg = Release|Any CPU
		{B515B244-F84C-427D-8BCD-A6C28D4F49C9}.Release|Any CPU.Build.0 = Release|Any CPU
	EndGlobalSection
	GlobalSection(SolutionProperties) = preSolution
		HideSolutionNode = FALSE
	EndGlobalSection
	GlobalSection(ExtensibilityGlobals) = postSolution
		SolutionGuid = {53162B9F-FF2B-4771-9CC3-E239215401B3}
	EndGlobalSection
EndGlobal
